
Microsoft Visual Studio Solution File, Format Version 12.00
# Visual Studio Version 16
VisualStudioVersion = 16.0.32630.194
MinimumVisualStudioVersion = 10.0.40219.1
Project("{FAE04EC0-301F-11D3-BF4B-00C04F79EFBC}") = "Date_Picker_MVC", "Date_Picker_MVC\Date_Picker_MVC.csproj", "{B5C9B1C9-DF83-49D1-A489-2AE440129D6C}"
EndProject
Global
	GlobalSection(SolutionConfigurationPlatforms) = preSolution
		Debug|Any CPU = Debug|Any CPU
		Release|Any CPU = Release|Any CPU
	EndGlobalSection
	GlobalSection(ProjectConfigurationPlatforms) = postSolution
		{B5C9B1C9-DF83-49D1-A489-2AE440129D6C}.Debug|Any CPU.ActiveCfg = Debug|Any CPU
		{B5C9B1C9-DF83-49D1-A489-2AE440129D6C}.Debug|Any CPU.Build.0 = Debug|Any CPU
		{B5C9B1C9-DF83-49D1-A489-2AE440129D6C}.Release|Any CPU.ActiveCfg = Release|Any CPU
		{B5C9B1C9-DF83-49D1-A489-2AE440129D6C}.Release|Any CPU.Build.0 = Release|Any CPU
	EndGlobalSection
	GlobalSection(SolutionProperties) = preSolution
		HideSolutionNode = FALSE
	EndGlobalSection
	GlobalSection(ExtensibilityGlobals) = postSolution
		SolutionGuid = {B8B7CB5A-3748-46CB-BA1B-D6A66DA4899C}
	EndGlobalSection
EndGlobal
